
Microsoft Visual Studio Solution File, Format Version 12.00
# Visual Studio 15
Project("{FAE04EC0-301F-11D3-BF4B-00C04F79EFBC}") = "API", "API\API.csproj", "{CD05497C-34FC-4EAC-B38C-4B788E8FD69B}"
EndProject
Global
	GlobalSection(SolutionConfigurationPlatforms) = preSolution
		Debug|Any CPU = Debug|Any CPU
		Release|Any CPU = Release|Any CPU
	EndGlobalSection
	GlobalSection(ProjectConfigurationPlatforms) = postSolution
		{CD05497C-34FC-4EAC-B38C-4B788E8FD69B}.Debug|Any CPU.ActiveCfg = Debug|Any CPU
		{CD05497C-34FC-4EAC-B38C-4B788E8FD69B}.Debug|Any CPU.Build.0 = Debug|Any CPU
		{CD05497C-34FC-4EAC-B38C-4B788E8FD69B}.Release|Any CPU.ActiveCfg = Release|Any CPU
		{CD05497C-34FC-4EAC-B38C-4B788E8FD69B}.Release|Any CPU.Build.0 = Release|Any CPU
	EndGlobalSection
EndGlobal
