Microsoft Visual Studio Solution File, Format Version 12.00
# Visual Studio Version 16
VisualStudioVersion = 16.0.29306.81
MinimumVisualStudioVersion = 10.0.40219.1
Project("{9A19103F-16F7-4668-BE54-9A1E7A4F7556}") = "API", "API\API.csproj", "{CD05497C-34FC-4EAC-B38C-4B788E8FD69B}"
EndProject
Global
	GlobalSection(SolutionConfigurationPlatforms) = preSolution
		Debug|Any CPU = Debug|Any CPU
		Release|Any CPU = Release|Any CPU
	EndGlobalSection
	GlobalSection(ProjectConfigurationPlatforms) = postSolution
		{CD05497C-34FC-4EAC-B38C-4B788E8FD69B}.Debug|Any CPU.ActiveCfg = Debug|Any CPU
		{CD05497C-34FC-4EAC-B38C-4B788E8FD69B}.Debug|Any CPU.Build.0 = Debug|Any CPU
		{CD05497C-34FC-4EAC-B38C-4B788E8FD69B}.Release|Any CPU.ActiveCfg = Release|Any CPU
		{CD05497C-34FC-4EAC-B38C-4B788E8FD69B}.Release|Any CPU.Build.0 = Release|Any CPU
	EndGlobalSection
	GlobalSection(SolutionProperties) = preSolution
		HideSolutionNode = FALSE
	EndGlobalSection
	GlobalSection(ExtensibilityGlobals) = postSolution
		SolutionGuid = {0EC37EEE-345C-400A-886E-5B6312A9BC80}
	EndGlobalSection
EndGlobal
